
Microsoft Visual Studio Solution File, Format Version 12.00
# Visual Studio 2013
VisualStudioVersion = 12.0.20623.1 VSUPREVIEW
MinimumVisualStudioVersion = 10.0.40219.1
Project("{2150E333-8FDC-42A3-9474-1A3956D46DE8}") = ".nuget", ".nuget", "{53764CF8-70DB-4099-A343-D5B385EAC870}"
	ProjectSection(SolutionItems) = preProject
		.nuget\NuGet.Config = .nuget\NuGet.Config
		.nuget\NuGet.exe = .nuget\NuGet.exe
		.nuget\NuGet.targets = .nuget\NuGet.targets
	EndProjectSection
EndProject
Project("{FAE04EC0-301F-11D3-BF4B-00C04F79EFBC}") = "Notifications.Base", "Notifications.Base\Notifications.Base.csproj", "{581B097A-9E85-47E4-B002-E8E4B4325F59}"
EndProject
Project("{FAE04EC0-301F-11D3-BF4B-00C04F79EFBC}") = "Notifications.BusinessLogic", "Notifications.BusinessLogic\Notifications.BusinessLogic.csproj", "{BE40AEB0-7337-4C7E-B781-3FDC4AE96FCB}"
EndProject
Project("{FAE04EC0-301F-11D3-BF4B-00C04F79EFBC}") = "Notifications.BusinessLogic.Tests", "Notifications.BusinessLogic.Tests\Notifications.BusinessLogic.Tests.csproj", "{C7F5E24A-DE3E-46E4-BA4F-0EA6B1282FA1}"
EndProject
Project("{FAE04EC0-301F-11D3-BF4B-00C04F79EFBC}") = "Notifications.DataAccessLayer", "Notifications.DataAccessLayer\Notifications.DataAccessLayer.csproj", "{1DE08D5B-5B74-4B6A-A285-6D07931741FD}"
EndProject
Project("{FAE04EC0-301F-11D3-BF4B-00C04F79EFBC}") = "Notifications.MVC", "Notifications.MVC\Notifications.MVC.csproj", "{DFF9D0A6-43D9-4F46-90A0-AFA29F21ED72}"
EndProject
Project("{FAE04EC0-301F-11D3-BF4B-00C04F79EFBC}") = "Notifications.MVC.Tests", "Notifications.MVC.Tests\Notifications.MVC.Tests.csproj", "{53CCE6F2-FFC8-4F59-90CF-4A8E0D43C0F2}"
EndProject
Project("{FAE04EC0-301F-11D3-BF4B-00C04F79EFBC}") = "ConsoleApplication1", "ConsoleApplication1\ConsoleApplication1.csproj", "{12219DEF-6385-4CB2-87DC-34F9A6E0DE2F}"
EndProject
Project("{FAE04EC0-301F-11D3-BF4B-00C04F79EFBC}") = "ExpensiveTests", "ExpensiveTests\ExpensiveTests.csproj", "{B25B9149-C416-46FD-AD02-C411718AC786}"
EndProject
Global
	GlobalSection(SolutionConfigurationPlatforms) = preSolution
		Debug|Any CPU = Debug|Any CPU
		Release|Any CPU = Release|Any CPU
	EndGlobalSection
	GlobalSection(ProjectConfigurationPlatforms) = postSolution
		{581B097A-9E85-47E4-B002-E8E4B4325F59}.Debug|Any CPU.ActiveCfg = Debug|Any CPU
		{581B097A-9E85-47E4-B002-E8E4B4325F59}.Debug|Any CPU.Build.0 = Debug|Any CPU
		{581B097A-9E85-47E4-B002-E8E4B4325F59}.Release|Any CPU.ActiveCfg = Release|Any CPU
		{581B097A-9E85-47E4-B002-E8E4B4325F59}.Release|Any CPU.Build.0 = Release|Any CPU
		{BE40AEB0-7337-4C7E-B781-3FDC4AE96FCB}.Debug|Any CPU.ActiveCfg = Debug|Any CPU
		{BE40AEB0-7337-4C7E-B781-3FDC4AE96FCB}.Debug|Any CPU.Build.0 = Debug|Any CPU
		{BE40AEB0-7337-4C7E-B781-3FDC4AE96FCB}.Release|Any CPU.ActiveCfg = Release|Any CPU
		{BE40AEB0-7337-4C7E-B781-3FDC4AE96FCB}.Release|Any CPU.Build.0 = Release|Any CPU
		{C7F5E24A-DE3E-46E4-BA4F-0EA6B1282FA1}.Debug|Any CPU.ActiveCfg = Debug|Any CPU
		{C7F5E24A-DE3E-46E4-BA4F-0EA6B1282FA1}.Debug|Any CPU.Build.0 = Debug|Any CPU
		{C7F5E24A-DE3E-46E4-BA4F-0EA6B1282FA1}.Release|Any CPU.ActiveCfg = Release|Any CPU
		{C7F5E24A-DE3E-46E4-BA4F-0EA6B1282FA1}.Release|Any CPU.Build.0 = Release|Any CPU
		{1DE08D5B-5B74-4B6A-A285-6D07931741FD}.Debug|Any CPU.ActiveCfg = Debug|Any CPU
		{1DE08D5B-5B74-4B6A-A285-6D07931741FD}.Debug|Any CPU.Build.0 = Debug|Any CPU
		{1DE08D5B-5B74-4B6A-A285-6D07931741FD}.Release|Any CPU.ActiveCfg = Release|Any CPU
		{1DE08D5B-5B74-4B6A-A285-6D07931741FD}.Release|Any CPU.Build.0 = Release|Any CPU
		{DFF9D0A6-43D9-4F46-90A0-AFA29F21ED72}.Debug|Any CPU.ActiveCfg = Debug|Any CPU
		{DFF9D0A6-43D9-4F46-90A0-AFA29F21ED72}.Debug|Any CPU.Build.0 = Debug|Any CPU
		{DFF9D0A6-43D9-4F46-90A0-AFA29F21ED72}.Release|Any CPU.ActiveCfg = Release|Any CPU
		{DFF9D0A6-43D9-4F46-90A0-AFA29F21ED72}.Release|Any CPU.Build.0 = Release|Any CPU
		{53CCE6F2-FFC8-4F59-90CF-4A8E0D43C0F2}.Debug|Any CPU.ActiveCfg = Debug|Any CPU
		{53CCE6F2-FFC8-4F59-90CF-4A8E0D43C0F2}.Debug|Any CPU.Build.0 = Debug|Any CPU
		{53CCE6F2-FFC8-4F59-90CF-4A8E0D43C0F2}.Release|Any CPU.ActiveCfg = Release|Any CPU
		{53CCE6F2-FFC8-4F59-90CF-4A8E0D43C0F2}.Release|Any CPU.Build.0 = Release|Any CPU
		{12219DEF-6385-4CB2-87DC-34F9A6E0DE2F}.Debug|Any CPU.ActiveCfg = Debug|Any CPU
		{12219DEF-6385-4CB2-87DC-34F9A6E0DE2F}.Debug|Any CPU.Build.0 = Debug|Any CPU
		{12219DEF-6385-4CB2-87DC-34F9A6E0DE2F}.Release|Any CPU.ActiveCfg = Release|Any CPU
		{12219DEF-6385-4CB2-87DC-34F9A6E0DE2F}.Release|Any CPU.Build.0 = Release|Any CPU
		{B25B9149-C416-46FD-AD02-C411718AC786}.Debug|Any CPU.ActiveCfg = Debug|Any CPU
		{B25B9149-C416-46FD-AD02-C411718AC786}.Debug|Any CPU.Build.0 = Debug|Any CPU
		{B25B9149-C416-46FD-AD02-C411718AC786}.Release|Any CPU.ActiveCfg = Release|Any CPU
		{B25B9149-C416-46FD-AD02-C411718AC786}.Release|Any CPU.Build.0 = Release|Any CPU
	EndGlobalSection
	GlobalSection(SolutionProperties) = preSolution
		HideSolutionNode = FALSE
	EndGlobalSection
EndGlobal
